
Microsoft Visual Studio Solution File, Format Version 12.00
# Visual Studio Version 17
VisualStudioVersion = 17.5.33414.496
MinimumVisualStudioVersion = 10.0.40219.1
Project("{FAE04EC0-301F-11D3-BF4B-00C04F79EFBC}") = "BattleGame", "BattleGame\BattleGame.csproj", "{470CB7BB-C19B-4132-89EF-17B750234BB6}"
EndProject
Global
	GlobalSection(SolutionConfigurationPlatforms) = preSolution
		Debug|Any CPU = Debug|Any CPU
		Release|Any CPU = Release|Any CPU
	EndGlobalSection
	GlobalSection(ProjectConfigurationPlatforms) = postSolution
		{470CB7BB-C19B-4132-89EF-17B750234BB6}.Debug|Any CPU.ActiveCfg = Debug|Any CPU
		{470CB7BB-C19B-4132-89EF-17B750234BB6}.Debug|Any CPU.Build.0 = Debug|Any CPU
		{470CB7BB-C19B-4132-89EF-17B750234BB6}.Release|Any CPU.ActiveCfg = Release|Any CPU
		{470CB7BB-C19B-4132-89EF-17B750234BB6}.Release|Any CPU.Build.0 = Release|Any CPU
	EndGlobalSection
	GlobalSection(SolutionProperties) = preSolution
		HideSolutionNode = FALSE
	EndGlobalSection
	GlobalSection(ExtensibilityGlobals) = postSolution
		SolutionGuid = {88E6F216-C6F2-4EAD-99CA-806BEB0173D5}
	EndGlobalSection
EndGlobal
